
Microsoft Visual Studio Solution File, Format Version 12.00
# Visual Studio Version 17
VisualStudioVersion = 17.6.33829.357
MinimumVisualStudioVersion = 10.0.40219.1
Project("{8BC9CEB8-8B4A-11D0-8D11-00A0C91BC942}") = "RWDocumentImageRaster", "RWDocumentImageRaster\RWDocumentImageRaster.vcxproj", "{2D47C6BF-A513-4D04-A45E-CD9116C56D8C}"
EndProject
Project("{8BC9CEB8-8B4A-11D0-8D11-00A0C91BC942}") = "RWDocumentImageVector", "RWDocumentImageVector\RWDocumentImageVector.vcxproj", "{51C6FC90-1C7D-47CE-ADE9-25FEF4C963DF}"
EndProject
Project("{8BC9CEB8-8B4A-11D0-8D11-00A0C91BC942}") = "RWDocumentAnimation", "RWDocumentAnimation\RWDocumentAnimation.vcxproj", "{277CBE8D-0593-4F56-B41E-CD5629CC5EBD}"
EndProject
Project("{8BC9CEB8-8B4A-11D0-8D11-00A0C91BC942}") = "RWCodecImagePNG", "RWCodecImagePNG\RWImageCodecPNG.vcxproj", "{40DCA89A-A9E2-4BEB-BE9E-172A2B0FDC20}"
EndProject
Project("{8BC9CEB8-8B4A-11D0-8D11-00A0C91BC942}") = "RWCodecImageBMP", "RWCodecImageBMP\RWImageCodecBMP.vcxproj", "{1CFAFB6B-77DB-4548-8E7C-B4DF662E563A}"
EndProject
Project("{8BC9CEB8-8B4A-11D0-8D11-00A0C91BC942}") = "RWCodecImageGIF", "RWCodecImageGIF\RWImageCodecGIF.vcxproj", "{BFC4EE7A-C731-4654-AC47-BD03E2810B9C}"
EndProject
Project("{8BC9CEB8-8B4A-11D0-8D11-00A0C91BC942}") = "RWCodecImageGIMP", "RWCodecImageGIMP\RWCodecImageGIMP.vcxproj", "{30A2B985-586E-419D-9E0B-E14B24405ABA}"
EndProject
Project("{8BC9CEB8-8B4A-11D0-8D11-00A0C91BC942}") = "RWCodecImageRealWorld", "RWCodecImageRealWorld\RWCodecImageRealWorld.vcxproj", "{63BA1AEA-AAD4-4A3B-94EB-A54C7F4C6193}"
EndProject
Project("{8BC9CEB8-8B4A-11D0-8D11-00A0C91BC942}") = "RWCodecImageSVG", "RWCodecImageSVG\RWCodecImageSVG.vcxproj", "{1F0F3E15-7521-4604-BB54-CA48F5705939}"
EndProject
Project("{8BC9CEB8-8B4A-11D0-8D11-00A0C91BC942}") = "RWCodecImageWebP", "RWCodecImageWebP\RWCodecImageWebP.vcxproj", "{931B2722-AE79-4889-8CBE-5424DB58E874}"
EndProject
Project("{8BC9CEB8-8B4A-11D0-8D11-00A0C91BC942}") = "RWCodecImageTIFF", "RWCodecImageTIFF\RWImageCodecTIFF.vcxproj", "{1918B6B6-89EB-4720-B54F-8A1A6E1235BC}"
EndProject
Project("{8BC9CEB8-8B4A-11D0-8D11-00A0C91BC942}") = "RWCodecImagePCX", "RWCodecImagePCX\RWImageCodecPCX.vcxproj", "{B2BD1071-5493-485C-B451-09A3CD4A1504}"
EndProject
Project("{8BC9CEB8-8B4A-11D0-8D11-00A0C91BC942}") = "RWCodecImageTGA", "RWCodecImageTGA\RWImageCodecTGA.vcxproj", "{6FED7146-EEB1-463B-BC95-9477BD0FE128}"
EndProject
Project("{8BC9CEB8-8B4A-11D0-8D11-00A0C91BC942}") = "RWCodecImageJPEG2000", "RWCodecImageJPEG2000\RWImageCodecJPEG2000.vcxproj", "{05828CE7-48A6-41A4-968C-C05275E7CB60}"
EndProject
Project("{8BC9CEB8-8B4A-11D0-8D11-00A0C91BC942}") = "RWCodecImageJPEG", "RWCodecImageJPEG\RWImageCodecJPEG.vcxproj", "{EA52603B-3970-4141-A918-C51DD0B02EF3}"
EndProject
Project("{8BC9CEB8-8B4A-11D0-8D11-00A0C91BC942}") = "RWEXIF", "RWEXIF\RWEXIF.vcxproj", "{D9DFDA9F-0046-4BCE-A6C6-24B702FFA5F9}"
EndProject
Project("{8BC9CEB8-8B4A-11D0-8D11-00A0C91BC942}") = "RWOperationImageRaster", "RWOperationImageRaster\RWOperationImageRaster.vcxproj", "{0AF12D29-C7AF-430E-8393-43645CC7A409}"
EndProject
Project("{8BC9CEB8-8B4A-11D0-8D11-00A0C91BC942}") = "RWViewImage", "RWViewImage\RWViewImage.vcxproj", "{D553C824-F6EC-4DC8-91C9-AD2AE8C711C4}"
EndProject
Project("{8BC9CEB8-8B4A-11D0-8D11-00A0C91BC942}") = "RWViewImageRaster", "RWViewImageRaster\RWViewImageRaster.vcxproj", "{A3AE6C5D-3786-4567-B0A9-7EBC77C6A13D}"
EndProject
Project("{8BC9CEB8-8B4A-11D0-8D11-00A0C91BC942}") = "RWViewImageVector", "RWViewImageVector\RWViewImageVector.vcxproj", "{C4341D01-2E19-41E8-AC36-85CDE4C49BD4}"
EndProject
Project("{8BC9CEB8-8B4A-11D0-8D11-00A0C91BC942}") = "RWDrawing", "RWDrawing\RWDrawing.vcxproj", "{C3F0D9F9-799B-4881-805D-92026E9335F9}"
EndProject
Project("{8BC9CEB8-8B4A-11D0-8D11-00A0C91BC942}") = "RWOperationImagePhoto", "RWOperationImagePhoto\RWOperationImagePhoto.vcxproj", "{D7324B52-15BA-4464-AC93-5AE631FD42A4}"
EndProject
Project("{8BC9CEB8-8B4A-11D0-8D11-00A0C91BC942}") = "RWImageFilterDissolve", "RWFilterDissolve\RWFilterDissolve.vcxproj", "{4F0F2EAB-0A44-42DC-8966-785CF01EC03B}"
EndProject
Project("{8BC9CEB8-8B4A-11D0-8D11-00A0C91BC942}") = "RWImageFilterLuce", "RWImageFilterLuce\RWImageFilterLuce.vcxproj", "{71FBF952-EFA3-4961-98CB-C2A1E51B0784}"
EndProject
Project("{8BC9CEB8-8B4A-11D0-8D11-00A0C91BC942}") = "RWOperationImageFractal", "RWOperationImageFractal\RWOperationImageFractal.vcxproj", "{0185AC2F-C365-4916-A4AD-5BCC330298AF}"
EndProject
Project("{8BC9CEB8-8B4A-11D0-8D11-00A0C91BC942}") = "RWOperationPrint", "RWOperationPrint\RWOperationPrint.vcxproj", "{F8BDAB53-5D22-42E0-90B6-16351DDDDB7A}"
EndProject
Project("{8BC9CEB8-8B4A-11D0-8D11-00A0C91BC942}") = "lcms", "lcms\lcms.vcxproj", "{C529A883-2069-4275-8459-0B9DF02D9B62}"
EndProject
Project("{8BC9CEB8-8B4A-11D0-8D11-00A0C91BC942}") = "RWCreatorWIA", "RWCreatorWIA\RWCreatorWIA.vcxproj", "{1F24181A-B4C0-47DC-8E7B-77FA2FC1A57E}"
EndProject
Project("{8BC9CEB8-8B4A-11D0-8D11-00A0C91BC942}") = "libpng", "libpng\libpng.vcxproj", "{0714B842-0F0D-48E0-AEA7-D9787F82CFD5}"
EndProject
Project("{8BC9CEB8-8B4A-11D0-8D11-00A0C91BC942}") = "libjpeg", "libjpeg\libjpeg.vcxproj", "{5AADFD32-A23F-4E90-8486-76D65E02CF78}"
EndProject
Global
	GlobalSection(SolutionConfigurationPlatforms) = preSolution
		Debug|x64 = Debug|x64
		Debug|x86 = Debug|x86
		Release|x64 = Release|x64
		Release|x86 = Release|x86
		RelStatic|x64 = RelStatic|x64
		RelStatic|x86 = RelStatic|x86
	EndGlobalSection
	GlobalSection(ProjectConfigurationPlatforms) = postSolution
		{2D47C6BF-A513-4D04-A45E-CD9116C56D8C}.Debug|x64.ActiveCfg = Debug|x64
		{2D47C6BF-A513-4D04-A45E-CD9116C56D8C}.Debug|x64.Build.0 = Debug|x64
		{2D47C6BF-A513-4D04-A45E-CD9116C56D8C}.Debug|x86.ActiveCfg = Debug|Win32
		{2D47C6BF-A513-4D04-A45E-CD9116C56D8C}.Debug|x86.Build.0 = Debug|Win32
		{2D47C6BF-A513-4D04-A45E-CD9116C56D8C}.Release|x64.ActiveCfg = Release|x64
		{2D47C6BF-A513-4D04-A45E-CD9116C56D8C}.Release|x64.Build.0 = Release|x64
		{2D47C6BF-A513-4D04-A45E-CD9116C56D8C}.Release|x86.ActiveCfg = Release|Win32
		{2D47C6BF-A513-4D04-A45E-CD9116C56D8C}.Release|x86.Build.0 = Release|Win32
		{2D47C6BF-A513-4D04-A45E-CD9116C56D8C}.RelStatic|x64.ActiveCfg = RelStatic|x64
		{2D47C6BF-A513-4D04-A45E-CD9116C56D8C}.RelStatic|x64.Build.0 = RelStatic|x64
		{2D47C6BF-A513-4D04-A45E-CD9116C56D8C}.RelStatic|x86.ActiveCfg = RelStatic|Win32
		{2D47C6BF-A513-4D04-A45E-CD9116C56D8C}.RelStatic|x86.Build.0 = RelStatic|Win32
		{51C6FC90-1C7D-47CE-ADE9-25FEF4C963DF}.Debug|x64.ActiveCfg = Debug|x64
		{51C6FC90-1C7D-47CE-ADE9-25FEF4C963DF}.Debug|x64.Build.0 = Debug|x64
		{51C6FC90-1C7D-47CE-ADE9-25FEF4C963DF}.Debug|x86.ActiveCfg = Debug|Win32
		{51C6FC90-1C7D-47CE-ADE9-25FEF4C963DF}.Debug|x86.Build.0 = Debug|Win32
		{51C6FC90-1C7D-47CE-ADE9-25FEF4C963DF}.Release|x64.ActiveCfg = Release|x64
		{51C6FC90-1C7D-47CE-ADE9-25FEF4C963DF}.Release|x64.Build.0 = Release|x64
		{51C6FC90-1C7D-47CE-ADE9-25FEF4C963DF}.Release|x86.ActiveCfg = Release|Win32
		{51C6FC90-1C7D-47CE-ADE9-25FEF4C963DF}.Release|x86.Build.0 = Release|Win32
		{51C6FC90-1C7D-47CE-ADE9-25FEF4C963DF}.RelStatic|x64.ActiveCfg = RelStatic|x64
		{51C6FC90-1C7D-47CE-ADE9-25FEF4C963DF}.RelStatic|x64.Build.0 = RelStatic|x64
		{51C6FC90-1C7D-47CE-ADE9-25FEF4C963DF}.RelStatic|x86.ActiveCfg = RelStatic|Win32
		{51C6FC90-1C7D-47CE-ADE9-25FEF4C963DF}.RelStatic|x86.Build.0 = RelStatic|Win32
		{277CBE8D-0593-4F56-B41E-CD5629CC5EBD}.Debug|x64.ActiveCfg = Debug|x64
		{277CBE8D-0593-4F56-B41E-CD5629CC5EBD}.Debug|x64.Build.0 = Debug|x64
		{277CBE8D-0593-4F56-B41E-CD5629CC5EBD}.Debug|x86.ActiveCfg = Debug|Win32
		{277CBE8D-0593-4F56-B41E-CD5629CC5EBD}.Debug|x86.Build.0 = Debug|Win32
		{277CBE8D-0593-4F56-B41E-CD5629CC5EBD}.Release|x64.ActiveCfg = Release|x64
		{277CBE8D-0593-4F56-B41E-CD5629CC5EBD}.Release|x64.Build.0 = Release|x64
		{277CBE8D-0593-4F56-B41E-CD5629CC5EBD}.Release|x86.ActiveCfg = Release|Win32
		{277CBE8D-0593-4F56-B41E-CD5629CC5EBD}.Release|x86.Build.0 = Release|Win32
		{277CBE8D-0593-4F56-B41E-CD5629CC5EBD}.RelStatic|x64.ActiveCfg = RelStatic|x64
		{277CBE8D-0593-4F56-B41E-CD5629CC5EBD}.RelStatic|x64.Build.0 = RelStatic|x64
		{277CBE8D-0593-4F56-B41E-CD5629CC5EBD}.RelStatic|x86.ActiveCfg = RelStatic|Win32
		{277CBE8D-0593-4F56-B41E-CD5629CC5EBD}.RelStatic|x86.Build.0 = RelStatic|Win32
		{40DCA89A-A9E2-4BEB-BE9E-172A2B0FDC20}.Debug|x64.ActiveCfg = Debug|x64
		{40DCA89A-A9E2-4BEB-BE9E-172A2B0FDC20}.Debug|x64.Build.0 = Debug|x64
		{40DCA89A-A9E2-4BEB-BE9E-172A2B0FDC20}.Debug|x86.ActiveCfg = Debug|Win32
		{40DCA89A-A9E2-4BEB-BE9E-172A2B0FDC20}.Debug|x86.Build.0 = Debug|Win32
		{40DCA89A-A9E2-4BEB-BE9E-172A2B0FDC20}.Release|x64.ActiveCfg = Release|x64
		{40DCA89A-A9E2-4BEB-BE9E-172A2B0FDC20}.Release|x64.Build.0 = Release|x64
		{40DCA89A-A9E2-4BEB-BE9E-172A2B0FDC20}.Release|x86.ActiveCfg = Release|Win32
		{40DCA89A-A9E2-4BEB-BE9E-172A2B0FDC20}.Release|x86.Build.0 = Release|Win32
		{40DCA89A-A9E2-4BEB-BE9E-172A2B0FDC20}.RelStatic|x64.ActiveCfg = RelStatic|x64
		{40DCA89A-A9E2-4BEB-BE9E-172A2B0FDC20}.RelStatic|x64.Build.0 = RelStatic|x64
		{40DCA89A-A9E2-4BEB-BE9E-172A2B0FDC20}.RelStatic|x86.ActiveCfg = RelStatic|Win32
		{40DCA89A-A9E2-4BEB-BE9E-172A2B0FDC20}.RelStatic|x86.Build.0 = RelStatic|Win32
		{1CFAFB6B-77DB-4548-8E7C-B4DF662E563A}.Debug|x64.ActiveCfg = Debug|x64
		{1CFAFB6B-77DB-4548-8E7C-B4DF662E563A}.Debug|x64.Build.0 = Debug|x64
		{1CFAFB6B-77DB-4548-8E7C-B4DF662E563A}.Debug|x86.ActiveCfg = Debug|Win32
		{1CFAFB6B-77DB-4548-8E7C-B4DF662E563A}.Debug|x86.Build.0 = Debug|Win32
		{1CFAFB6B-77DB-4548-8E7C-B4DF662E563A}.Release|x64.ActiveCfg = Release|x64
		{1CFAFB6B-77DB-4548-8E7C-B4DF662E563A}.Release|x64.Build.0 = Release|x64
		{1CFAFB6B-77DB-4548-8E7C-B4DF662E563A}.Release|x86.ActiveCfg = Release|Win32
		{1CFAFB6B-77DB-4548-8E7C-B4DF662E563A}.Release|x86.Build.0 = Release|Win32
		{1CFAFB6B-77DB-4548-8E7C-B4DF662E563A}.RelStatic|x64.ActiveCfg = RelStatic|x64
		{1CFAFB6B-77DB-4548-8E7C-B4DF662E563A}.RelStatic|x64.Build.0 = RelStatic|x64
		{1CFAFB6B-77DB-4548-8E7C-B4DF662E563A}.RelStatic|x86.ActiveCfg = RelStatic|Win32
		{1CFAFB6B-77DB-4548-8E7C-B4DF662E563A}.RelStatic|x86.Build.0 = RelStatic|Win32
		{BFC4EE7A-C731-4654-AC47-BD03E2810B9C}.Debug|x64.ActiveCfg = Debug|x64
		{BFC4EE7A-C731-4654-AC47-BD03E2810B9C}.Debug|x64.Build.0 = Debug|x64
		{BFC4EE7A-C731-4654-AC47-BD03E2810B9C}.Debug|x86.ActiveCfg = Debug|Win32
		{BFC4EE7A-C731-4654-AC47-BD03E2810B9C}.Debug|x86.Build.0 = Debug|Win32
		{BFC4EE7A-C731-4654-AC47-BD03E2810B9C}.Release|x64.ActiveCfg = Release|x64
		{BFC4EE7A-C731-4654-AC47-BD03E2810B9C}.Release|x64.Build.0 = Release|x64
		{BFC4EE7A-C731-4654-AC47-BD03E2810B9C}.Release|x86.ActiveCfg = Release|Win32
		{BFC4EE7A-C731-4654-AC47-BD03E2810B9C}.Release|x86.Build.0 = Release|Win32
		{BFC4EE7A-C731-4654-AC47-BD03E2810B9C}.RelStatic|x64.ActiveCfg = RelStatic|x64
		{BFC4EE7A-C731-4654-AC47-BD03E2810B9C}.RelStatic|x64.Build.0 = RelStatic|x64
		{BFC4EE7A-C731-4654-AC47-BD03E2810B9C}.RelStatic|x86.ActiveCfg = RelStatic|Win32
		{BFC4EE7A-C731-4654-AC47-BD03E2810B9C}.RelStatic|x86.Build.0 = RelStatic|Win32
		{30A2B985-586E-419D-9E0B-E14B24405ABA}.Debug|x64.ActiveCfg = Debug|x64
		{30A2B985-586E-419D-9E0B-E14B24405ABA}.Debug|x64.Build.0 = Debug|x64
		{30A2B985-586E-419D-9E0B-E14B24405ABA}.Debug|x86.ActiveCfg = Debug|Win32
		{30A2B985-586E-419D-9E0B-E14B24405ABA}.Debug|x86.Build.0 = Debug|Win32
		{30A2B985-586E-419D-9E0B-E14B24405ABA}.Release|x64.ActiveCfg = Release|x64
		{30A2B985-586E-419D-9E0B-E14B24405ABA}.Release|x64.Build.0 = Release|x64
		{30A2B985-586E-419D-9E0B-E14B24405ABA}.Release|x86.ActiveCfg = Release|Win32
		{30A2B985-586E-419D-9E0B-E14B24405ABA}.Release|x86.Build.0 = Release|Win32
		{30A2B985-586E-419D-9E0B-E14B24405ABA}.RelStatic|x64.ActiveCfg = RelStatic|x64
		{30A2B985-586E-419D-9E0B-E14B24405ABA}.RelStatic|x64.Build.0 = RelStatic|x64
		{30A2B985-586E-419D-9E0B-E14B24405ABA}.RelStatic|x86.ActiveCfg = RelStatic|Win32
		{30A2B985-586E-419D-9E0B-E14B24405ABA}.RelStatic|x86.Build.0 = RelStatic|Win32
		{63BA1AEA-AAD4-4A3B-94EB-A54C7F4C6193}.Debug|x64.ActiveCfg = Debug|x64
		{63BA1AEA-AAD4-4A3B-94EB-A54C7F4C6193}.Debug|x64.Build.0 = Debug|x64
		{63BA1AEA-AAD4-4A3B-94EB-A54C7F4C6193}.Debug|x86.ActiveCfg = Debug|Win32
		{63BA1AEA-AAD4-4A3B-94EB-A54C7F4C6193}.Debug|x86.Build.0 = Debug|Win32
		{63BA1AEA-AAD4-4A3B-94EB-A54C7F4C6193}.Release|x64.ActiveCfg = Release|x64
		{63BA1AEA-AAD4-4A3B-94EB-A54C7F4C6193}.Release|x64.Build.0 = Release|x64
		{63BA1AEA-AAD4-4A3B-94EB-A54C7F4C6193}.Release|x86.ActiveCfg = Release|Win32
		{63BA1AEA-AAD4-4A3B-94EB-A54C7F4C6193}.Release|x86.Build.0 = Release|Win32
		{63BA1AEA-AAD4-4A3B-94EB-A54C7F4C6193}.RelStatic|x64.ActiveCfg = RelStatic|x64
		{63BA1AEA-AAD4-4A3B-94EB-A54C7F4C6193}.RelStatic|x64.Build.0 = RelStatic|x64
		{63BA1AEA-AAD4-4A3B-94EB-A54C7F4C6193}.RelStatic|x86.ActiveCfg = RelStatic|Win32
		{63BA1AEA-AAD4-4A3B-94EB-A54C7F4C6193}.RelStatic|x86.Build.0 = RelStatic|Win32
		{1F0F3E15-7521-4604-BB54-CA48F5705939}.Debug|x64.ActiveCfg = Debug|x64
		{1F0F3E15-7521-4604-BB54-CA48F5705939}.Debug|x64.Build.0 = Debug|x64
		{1F0F3E15-7521-4604-BB54-CA48F5705939}.Debug|x86.ActiveCfg = Debug|Win32
		{1F0F3E15-7521-4604-BB54-CA48F5705939}.Debug|x86.Build.0 = Debug|Win32
		{1F0F3E15-7521-4604-BB54-CA48F5705939}.Release|x64.ActiveCfg = Release|x64
		{1F0F3E15-7521-4604-BB54-CA48F5705939}.Release|x64.Build.0 = Release|x64
		{1F0F3E15-7521-4604-BB54-CA48F5705939}.Release|x86.ActiveCfg = Release|Win32
		{1F0F3E15-7521-4604-BB54-CA48F5705939}.Release|x86.Build.0 = Release|Win32
		{1F0F3E15-7521-4604-BB54-CA48F5705939}.RelStatic|x64.ActiveCfg = RelStatic|x64
		{1F0F3E15-7521-4604-BB54-CA48F5705939}.RelStatic|x64.Build.0 = RelStatic|x64
		{1F0F3E15-7521-4604-BB54-CA48F5705939}.RelStatic|x86.ActiveCfg = RelStatic|Win32
		{1F0F3E15-7521-4604-BB54-CA48F5705939}.RelStatic|x86.Build.0 = RelStatic|Win32
		{931B2722-AE79-4889-8CBE-5424DB58E874}.Debug|x64.ActiveCfg = Debug|x64
		{931B2722-AE79-4889-8CBE-5424DB58E874}.Debug|x64.Build.0 = Debug|x64
		{931B2722-AE79-4889-8CBE-5424DB58E874}.Debug|x86.ActiveCfg = Debug|Win32
		{931B2722-AE79-4889-8CBE-5424DB58E874}.Debug|x86.Build.0 = Debug|Win32
		{931B2722-AE79-4889-8CBE-5424DB58E874}.Release|x64.ActiveCfg = Release|x64
		{931B2722-AE79-4889-8CBE-5424DB58E874}.Release|x64.Build.0 = Release|x64
		{931B2722-AE79-4889-8CBE-5424DB58E874}.Release|x86.ActiveCfg = Release|Win32
		{931B2722-AE79-4889-8CBE-5424DB58E874}.Release|x86.Build.0 = Release|Win32
		{931B2722-AE79-4889-8CBE-5424DB58E874}.RelStatic|x64.ActiveCfg = RelStatic|x64
		{931B2722-AE79-4889-8CBE-5424DB58E874}.RelStatic|x64.Build.0 = RelStatic|x64
		{931B2722-AE79-4889-8CBE-5424DB58E874}.RelStatic|x86.ActiveCfg = RelStatic|Win32
		{931B2722-AE79-4889-8CBE-5424DB58E874}.RelStatic|x86.Build.0 = RelStatic|Win32
		{1918B6B6-89EB-4720-B54F-8A1A6E1235BC}.Debug|x64.ActiveCfg = Debug|x64
		{1918B6B6-89EB-4720-B54F-8A1A6E1235BC}.Debug|x64.Build.0 = Debug|x64
		{1918B6B6-89EB-4720-B54F-8A1A6E1235BC}.Debug|x86.ActiveCfg = Debug|Win32
		{1918B6B6-89EB-4720-B54F-8A1A6E1235BC}.Debug|x86.Build.0 = Debug|Win32
		{1918B6B6-89EB-4720-B54F-8A1A6E1235BC}.Release|x64.ActiveCfg = Release|x64
		{1918B6B6-89EB-4720-B54F-8A1A6E1235BC}.Release|x64.Build.0 = Release|x64
		{1918B6B6-89EB-4720-B54F-8A1A6E1235BC}.Release|x86.ActiveCfg = Release|Win32
		{1918B6B6-89EB-4720-B54F-8A1A6E1235BC}.Release|x86.Build.0 = Release|Win32
		{1918B6B6-89EB-4720-B54F-8A1A6E1235BC}.RelStatic|x64.ActiveCfg = RelStatic|x64
		{1918B6B6-89EB-4720-B54F-8A1A6E1235BC}.RelStatic|x64.Build.0 = RelStatic|x64
		{1918B6B6-89EB-4720-B54F-8A1A6E1235BC}.RelStatic|x86.ActiveCfg = RelStatic|Win32
		{1918B6B6-89EB-4720-B54F-8A1A6E1235BC}.RelStatic|x86.Build.0 = RelStatic|Win32
		{B2BD1071-5493-485C-B451-09A3CD4A1504}.Debug|x64.ActiveCfg = Debug|x64
		{B2BD1071-5493-485C-B451-09A3CD4A1504}.Debug|x64.Build.0 = Debug|x64
		{B2BD1071-5493-485C-B451-09A3CD4A1504}.Debug|x86.ActiveCfg = Debug|Win32
		{B2BD1071-5493-485C-B451-09A3CD4A1504}.Debug|x86.Build.0 = Debug|Win32
		{B2BD1071-5493-485C-B451-09A3CD4A1504}.Release|x64.ActiveCfg = Release|x64
		{B2BD1071-5493-485C-B451-09A3CD4A1504}.Release|x64.Build.0 = Release|x64
		{B2BD1071-5493-485C-B451-09A3CD4A1504}.Release|x86.ActiveCfg = Release|Win32
		{B2BD1071-5493-485C-B451-09A3CD4A1504}.Release|x86.Build.0 = Release|Win32
		{B2BD1071-5493-485C-B451-09A3CD4A1504}.RelStatic|x64.ActiveCfg = RelStatic|x64
		{B2BD1071-5493-485C-B451-09A3CD4A1504}.RelStatic|x64.Build.0 = RelStatic|x64
		{B2BD1071-5493-485C-B451-09A3CD4A1504}.RelStatic|x86.ActiveCfg = RelStatic|Win32
		{B2BD1071-5493-485C-B451-09A3CD4A1504}.RelStatic|x86.Build.0 = RelStatic|Win32
		{6FED7146-EEB1-463B-BC95-9477BD0FE128}.Debug|x64.ActiveCfg = Debug|x64
		{6FED7146-EEB1-463B-BC95-9477BD0FE128}.Debug|x64.Build.0 = Debug|x64
		{6FED7146-EEB1-463B-BC95-9477BD0FE128}.Debug|x86.ActiveCfg = Debug|Win32
		{6FED7146-EEB1-463B-BC95-9477BD0FE128}.Debug|x86.Build.0 = Debug|Win32
		{6FED7146-EEB1-463B-BC95-9477BD0FE128}.Release|x64.ActiveCfg = Release|x64
		{6FED7146-EEB1-463B-BC95-9477BD0FE128}.Release|x64.Build.0 = Release|x64
		{6FED7146-EEB1-463B-BC95-9477BD0FE128}.Release|x86.ActiveCfg = Release|Win32
		{6FED7146-EEB1-463B-BC95-9477BD0FE128}.Release|x86.Build.0 = Release|Win32
		{6FED7146-EEB1-463B-BC95-9477BD0FE128}.RelStatic|x64.ActiveCfg = RelStatic|x64
		{6FED7146-EEB1-463B-BC95-9477BD0FE128}.RelStatic|x64.Build.0 = RelStatic|x64
		{6FED7146-EEB1-463B-BC95-9477BD0FE128}.RelStatic|x86.ActiveCfg = RelStatic|Win32
		{6FED7146-EEB1-463B-BC95-9477BD0FE128}.RelStatic|x86.Build.0 = RelStatic|Win32
		{05828CE7-48A6-41A4-968C-C05275E7CB60}.Debug|x64.ActiveCfg = Debug|x64
		{05828CE7-48A6-41A4-968C-C05275E7CB60}.Debug|x64.Build.0 = Debug|x64
		{05828CE7-48A6-41A4-968C-C05275E7CB60}.Debug|x86.ActiveCfg = Debug|Win32
		{05828CE7-48A6-41A4-968C-C05275E7CB60}.Debug|x86.Build.0 = Debug|Win32
		{05828CE7-48A6-41A4-968C-C05275E7CB60}.Release|x64.ActiveCfg = Release|x64
		{05828CE7-48A6-41A4-968C-C05275E7CB60}.Release|x64.Build.0 = Release|x64
		{05828CE7-48A6-41A4-968C-C05275E7CB60}.Release|x86.ActiveCfg = Release|Win32
		{05828CE7-48A6-41A4-968C-C05275E7CB60}.Release|x86.Build.0 = Release|Win32
		{05828CE7-48A6-41A4-968C-C05275E7CB60}.RelStatic|x64.ActiveCfg = RelStatic|x64
		{05828CE7-48A6-41A4-968C-C05275E7CB60}.RelStatic|x64.Build.0 = RelStatic|x64
		{05828CE7-48A6-41A4-968C-C05275E7CB60}.RelStatic|x86.ActiveCfg = RelStatic|Win32
		{05828CE7-48A6-41A4-968C-C05275E7CB60}.RelStatic|x86.Build.0 = RelStatic|Win32
		{EA52603B-3970-4141-A918-C51DD0B02EF3}.Debug|x64.ActiveCfg = Debug|x64
		{EA52603B-3970-4141-A918-C51DD0B02EF3}.Debug|x64.Build.0 = Debug|x64
		{EA52603B-3970-4141-A918-C51DD0B02EF3}.Debug|x86.ActiveCfg = Debug|Win32
		{EA52603B-3970-4141-A918-C51DD0B02EF3}.Debug|x86.Build.0 = Debug|Win32
		{EA52603B-3970-4141-A918-C51DD0B02EF3}.Release|x64.ActiveCfg = Release|x64
		{EA52603B-3970-4141-A918-C51DD0B02EF3}.Release|x64.Build.0 = Release|x64
		{EA52603B-3970-4141-A918-C51DD0B02EF3}.Release|x86.ActiveCfg = Release|Win32
		{EA52603B-3970-4141-A918-C51DD0B02EF3}.Release|x86.Build.0 = Release|Win32
		{EA52603B-3970-4141-A918-C51DD0B02EF3}.RelStatic|x64.ActiveCfg = RelStatic|x64
		{EA52603B-3970-4141-A918-C51DD0B02EF3}.RelStatic|x64.Build.0 = RelStatic|x64
		{EA52603B-3970-4141-A918-C51DD0B02EF3}.RelStatic|x86.ActiveCfg = RelStatic|Win32
		{EA52603B-3970-4141-A918-C51DD0B02EF3}.RelStatic|x86.Build.0 = RelStatic|Win32
		{D9DFDA9F-0046-4BCE-A6C6-24B702FFA5F9}.Debug|x64.ActiveCfg = Debug|x64
		{D9DFDA9F-0046-4BCE-A6C6-24B702FFA5F9}.Debug|x64.Build.0 = Debug|x64
		{D9DFDA9F-0046-4BCE-A6C6-24B702FFA5F9}.Debug|x86.ActiveCfg = Debug|Win32
		{D9DFDA9F-0046-4BCE-A6C6-24B702FFA5F9}.Debug|x86.Build.0 = Debug|Win32
		{D9DFDA9F-0046-4BCE-A6C6-24B702FFA5F9}.Release|x64.ActiveCfg = Release|x64
		{D9DFDA9F-0046-4BCE-A6C6-24B702FFA5F9}.Release|x64.Build.0 = Release|x64
		{D9DFDA9F-0046-4BCE-A6C6-24B702FFA5F9}.Release|x86.ActiveCfg = Release|Win32
		{D9DFDA9F-0046-4BCE-A6C6-24B702FFA5F9}.Release|x86.Build.0 = Release|Win32
		{D9DFDA9F-0046-4BCE-A6C6-24B702FFA5F9}.RelStatic|x64.ActiveCfg = RelStatic|x64
		{D9DFDA9F-0046-4BCE-A6C6-24B702FFA5F9}.RelStatic|x64.Build.0 = RelStatic|x64
		{D9DFDA9F-0046-4BCE-A6C6-24B702FFA5F9}.RelStatic|x86.ActiveCfg = RelStatic|Win32
		{D9DFDA9F-0046-4BCE-A6C6-24B702FFA5F9}.RelStatic|x86.Build.0 = RelStatic|Win32
		{0AF12D29-C7AF-430E-8393-43645CC7A409}.Debug|x64.ActiveCfg = Debug|x64
		{0AF12D29-C7AF-430E-8393-43645CC7A409}.Debug|x64.Build.0 = Debug|x64
		{0AF12D29-C7AF-430E-8393-43645CC7A409}.Debug|x86.ActiveCfg = Debug|Win32
		{0AF12D29-C7AF-430E-8393-43645CC7A409}.Debug|x86.Build.0 = Debug|Win32
		{0AF12D29-C7AF-430E-8393-43645CC7A409}.Release|x64.ActiveCfg = Release|x64
		{0AF12D29-C7AF-430E-8393-43645CC7A409}.Release|x64.Build.0 = Release|x64
		{0AF12D29-C7AF-430E-8393-43645CC7A409}.Release|x86.ActiveCfg = Release|Win32
		{0AF12D29-C7AF-430E-8393-43645CC7A409}.Release|x86.Build.0 = Release|Win32
		{0AF12D29-C7AF-430E-8393-43645CC7A409}.RelStatic|x64.ActiveCfg = RelStatic|x64
		{0AF12D29-C7AF-430E-8393-43645CC7A409}.RelStatic|x64.Build.0 = RelStatic|x64
		{0AF12D29-C7AF-430E-8393-43645CC7A409}.RelStatic|x86.ActiveCfg = RelStatic|Win32
		{0AF12D29-C7AF-430E-8393-43645CC7A409}.RelStatic|x86.Build.0 = RelStatic|Win32
		{D553C824-F6EC-4DC8-91C9-AD2AE8C711C4}.Debug|x64.ActiveCfg = Debug|x64
		{D553C824-F6EC-4DC8-91C9-AD2AE8C711C4}.Debug|x64.Build.0 = Debug|x64
		{D553C824-F6EC-4DC8-91C9-AD2AE8C711C4}.Debug|x86.ActiveCfg = Debug|Win32
		{D553C824-F6EC-4DC8-91C9-AD2AE8C711C4}.Debug|x86.Build.0 = Debug|Win32
		{D553C824-F6EC-4DC8-91C9-AD2AE8C711C4}.Release|x64.ActiveCfg = Release|x64
		{D553C824-F6EC-4DC8-91C9-AD2AE8C711C4}.Release|x64.Build.0 = Release|x64
		{D553C824-F6EC-4DC8-91C9-AD2AE8C711C4}.Release|x86.ActiveCfg = Release|Win32
		{D553C824-F6EC-4DC8-91C9-AD2AE8C711C4}.Release|x86.Build.0 = Release|Win32
		{D553C824-F6EC-4DC8-91C9-AD2AE8C711C4}.RelStatic|x64.ActiveCfg = RelStatic|x64
		{D553C824-F6EC-4DC8-91C9-AD2AE8C711C4}.RelStatic|x64.Build.0 = RelStatic|x64
		{D553C824-F6EC-4DC8-91C9-AD2AE8C711C4}.RelStatic|x86.ActiveCfg = RelStatic|Win32
		{D553C824-F6EC-4DC8-91C9-AD2AE8C711C4}.RelStatic|x86.Build.0 = RelStatic|Win32
		{A3AE6C5D-3786-4567-B0A9-7EBC77C6A13D}.Debug|x64.ActiveCfg = Debug|x64
		{A3AE6C5D-3786-4567-B0A9-7EBC77C6A13D}.Debug|x64.Build.0 = Debug|x64
		{A3AE6C5D-3786-4567-B0A9-7EBC77C6A13D}.Debug|x86.ActiveCfg = Debug|Win32
		{A3AE6C5D-3786-4567-B0A9-7EBC77C6A13D}.Debug|x86.Build.0 = Debug|Win32
		{A3AE6C5D-3786-4567-B0A9-7EBC77C6A13D}.Release|x64.ActiveCfg = Release|x64
		{A3AE6C5D-3786-4567-B0A9-7EBC77C6A13D}.Release|x64.Build.0 = Release|x64
		{A3AE6C5D-3786-4567-B0A9-7EBC77C6A13D}.Release|x86.ActiveCfg = Release|Win32
		{A3AE6C5D-3786-4567-B0A9-7EBC77C6A13D}.Release|x86.Build.0 = Release|Win32
		{A3AE6C5D-3786-4567-B0A9-7EBC77C6A13D}.RelStatic|x64.ActiveCfg = RelStatic|x64
		{A3AE6C5D-3786-4567-B0A9-7EBC77C6A13D}.RelStatic|x64.Build.0 = RelStatic|x64
		{A3AE6C5D-3786-4567-B0A9-7EBC77C6A13D}.RelStatic|x86.ActiveCfg = RelStatic|Win32
		{A3AE6C5D-3786-4567-B0A9-7EBC77C6A13D}.RelStatic|x86.Build.0 = RelStatic|Win32
		{C4341D01-2E19-41E8-AC36-85CDE4C49BD4}.Debug|x64.ActiveCfg = Debug|x64
		{C4341D01-2E19-41E8-AC36-85CDE4C49BD4}.Debug|x64.Build.0 = Debug|x64
		{C4341D01-2E19-41E8-AC36-85CDE4C49BD4}.Debug|x86.ActiveCfg = Debug|Win32
		{C4341D01-2E19-41E8-AC36-85CDE4C49BD4}.Debug|x86.Build.0 = Debug|Win32
		{C4341D01-2E19-41E8-AC36-85CDE4C49BD4}.Release|x64.ActiveCfg = Release|x64
		{C4341D01-2E19-41E8-AC36-85CDE4C49BD4}.Release|x64.Build.0 = Release|x64
		{C4341D01-2E19-41E8-AC36-85CDE4C49BD4}.Release|x86.ActiveCfg = Release|Win32
		{C4341D01-2E19-41E8-AC36-85CDE4C49BD4}.Release|x86.Build.0 = Release|Win32
		{C4341D01-2E19-41E8-AC36-85CDE4C49BD4}.RelStatic|x64.ActiveCfg = RelStatic|x64
		{C4341D01-2E19-41E8-AC36-85CDE4C49BD4}.RelStatic|x64.Build.0 = RelStatic|x64
		{C4341D01-2E19-41E8-AC36-85CDE4C49BD4}.RelStatic|x86.ActiveCfg = RelStatic|Win32
		{C4341D01-2E19-41E8-AC36-85CDE4C49BD4}.RelStatic|x86.Build.0 = RelStatic|Win32
		{C3F0D9F9-799B-4881-805D-92026E9335F9}.Debug|x64.ActiveCfg = Debug|x64
		{C3F0D9F9-799B-4881-805D-92026E9335F9}.Debug|x64.Build.0 = Debug|x64
		{C3F0D9F9-799B-4881-805D-92026E9335F9}.Debug|x86.ActiveCfg = Debug|Win32
		{C3F0D9F9-799B-4881-805D-92026E9335F9}.Debug|x86.Build.0 = Debug|Win32
		{C3F0D9F9-799B-4881-805D-92026E9335F9}.Release|x64.ActiveCfg = Release|x64
		{C3F0D9F9-799B-4881-805D-92026E9335F9}.Release|x64.Build.0 = Release|x64
		{C3F0D9F9-799B-4881-805D-92026E9335F9}.Release|x86.ActiveCfg = Release|Win32
		{C3F0D9F9-799B-4881-805D-92026E9335F9}.Release|x86.Build.0 = Release|Win32
		{C3F0D9F9-799B-4881-805D-92026E9335F9}.RelStatic|x64.ActiveCfg = RelStatic|x64
		{C3F0D9F9-799B-4881-805D-92026E9335F9}.RelStatic|x64.Build.0 = RelStatic|x64
		{C3F0D9F9-799B-4881-805D-92026E9335F9}.RelStatic|x86.ActiveCfg = RelStatic|Win32
		{C3F0D9F9-799B-4881-805D-92026E9335F9}.RelStatic|x86.Build.0 = RelStatic|Win32
		{D7324B52-15BA-4464-AC93-5AE631FD42A4}.Debug|x64.ActiveCfg = Debug|x64
		{D7324B52-15BA-4464-AC93-5AE631FD42A4}.Debug|x64.Build.0 = Debug|x64
		{D7324B52-15BA-4464-AC93-5AE631FD42A4}.Debug|x86.ActiveCfg = Debug|Win32
		{D7324B52-15BA-4464-AC93-5AE631FD42A4}.Debug|x86.Build.0 = Debug|Win32
		{D7324B52-15BA-4464-AC93-5AE631FD42A4}.Release|x64.ActiveCfg = Release|x64
		{D7324B52-15BA-4464-AC93-5AE631FD42A4}.Release|x64.Build.0 = Release|x64
		{D7324B52-15BA-4464-AC93-5AE631FD42A4}.Release|x86.ActiveCfg = Release|Win32
		{D7324B52-15BA-4464-AC93-5AE631FD42A4}.Release|x86.Build.0 = Release|Win32
		{D7324B52-15BA-4464-AC93-5AE631FD42A4}.RelStatic|x64.ActiveCfg = RelStatic|x64
		{D7324B52-15BA-4464-AC93-5AE631FD42A4}.RelStatic|x64.Build.0 = RelStatic|x64
		{D7324B52-15BA-4464-AC93-5AE631FD42A4}.RelStatic|x86.ActiveCfg = RelStatic|Win32
		{D7324B52-15BA-4464-AC93-5AE631FD42A4}.RelStatic|x86.Build.0 = RelStatic|Win32
		{4F0F2EAB-0A44-42DC-8966-785CF01EC03B}.Debug|x64.ActiveCfg = Debug|x64
		{4F0F2EAB-0A44-42DC-8966-785CF01EC03B}.Debug|x64.Build.0 = Debug|x64
		{4F0F2EAB-0A44-42DC-8966-785CF01EC03B}.Debug|x86.ActiveCfg = Debug|Win32
		{4F0F2EAB-0A44-42DC-8966-785CF01EC03B}.Debug|x86.Build.0 = Debug|Win32
		{4F0F2EAB-0A44-42DC-8966-785CF01EC03B}.Release|x64.ActiveCfg = Release|x64
		{4F0F2EAB-0A44-42DC-8966-785CF01EC03B}.Release|x64.Build.0 = Release|x64
		{4F0F2EAB-0A44-42DC-8966-785CF01EC03B}.Release|x86.ActiveCfg = Release|Win32
		{4F0F2EAB-0A44-42DC-8966-785CF01EC03B}.Release|x86.Build.0 = Release|Win32
		{4F0F2EAB-0A44-42DC-8966-785CF01EC03B}.RelStatic|x64.ActiveCfg = RelStatic|x64
		{4F0F2EAB-0A44-42DC-8966-785CF01EC03B}.RelStatic|x64.Build.0 = RelStatic|x64
		{4F0F2EAB-0A44-42DC-8966-785CF01EC03B}.RelStatic|x86.ActiveCfg = RelStatic|Win32
		{4F0F2EAB-0A44-42DC-8966-785CF01EC03B}.RelStatic|x86.Build.0 = RelStatic|Win32
		{71FBF952-EFA3-4961-98CB-C2A1E51B0784}.Debug|x64.ActiveCfg = Debug|x64
		{71FBF952-EFA3-4961-98CB-C2A1E51B0784}.Debug|x64.Build.0 = Debug|x64
		{71FBF952-EFA3-4961-98CB-C2A1E51B0784}.Debug|x86.ActiveCfg = Debug|Win32
		{71FBF952-EFA3-4961-98CB-C2A1E51B0784}.Debug|x86.Build.0 = Debug|Win32
		{71FBF952-EFA3-4961-98CB-C2A1E51B0784}.Release|x64.ActiveCfg = Release|x64
		{71FBF952-EFA3-4961-98CB-C2A1E51B0784}.Release|x64.Build.0 = Release|x64
		{71FBF952-EFA3-4961-98CB-C2A1E51B0784}.Release|x86.ActiveCfg = Release|Win32
		{71FBF952-EFA3-4961-98CB-C2A1E51B0784}.Release|x86.Build.0 = Release|Win32
		{71FBF952-EFA3-4961-98CB-C2A1E51B0784}.RelStatic|x64.ActiveCfg = RelStatic|x64
		{71FBF952-EFA3-4961-98CB-C2A1E51B0784}.RelStatic|x64.Build.0 = RelStatic|x64
		{71FBF952-EFA3-4961-98CB-C2A1E51B0784}.RelStatic|x86.ActiveCfg = RelStatic|Win32
		{71FBF952-EFA3-4961-98CB-C2A1E51B0784}.RelStatic|x86.Build.0 = RelStatic|Win32
		{0185AC2F-C365-4916-A4AD-5BCC330298AF}.Debug|x64.ActiveCfg = Debug|x64
		{0185AC2F-C365-4916-A4AD-5BCC330298AF}.Debug|x64.Build.0 = Debug|x64
		{0185AC2F-C365-4916-A4AD-5BCC330298AF}.Debug|x86.ActiveCfg = Debug|Win32
		{0185AC2F-C365-4916-A4AD-5BCC330298AF}.Debug|x86.Build.0 = Debug|Win32
		{0185AC2F-C365-4916-A4AD-5BCC330298AF}.Release|x64.ActiveCfg = Release|x64
		{0185AC2F-C365-4916-A4AD-5BCC330298AF}.Release|x64.Build.0 = Release|x64
		{0185AC2F-C365-4916-A4AD-5BCC330298AF}.Release|x86.ActiveCfg = Release|Win32
		{0185AC2F-C365-4916-A4AD-5BCC330298AF}.Release|x86.Build.0 = Release|Win32
		{0185AC2F-C365-4916-A4AD-5BCC330298AF}.RelStatic|x64.ActiveCfg = RelStatic|x64
		{0185AC2F-C365-4916-A4AD-5BCC330298AF}.RelStatic|x64.Build.0 = RelStatic|x64
		{0185AC2F-C365-4916-A4AD-5BCC330298AF}.RelStatic|x86.ActiveCfg = RelStatic|Win32
		{0185AC2F-C365-4916-A4AD-5BCC330298AF}.RelStatic|x86.Build.0 = RelStatic|Win32
		{F8BDAB53-5D22-42E0-90B6-16351DDDDB7A}.Debug|x64.ActiveCfg = Debug|x64
		{F8BDAB53-5D22-42E0-90B6-16351DDDDB7A}.Debug|x64.Build.0 = Debug|x64
		{F8BDAB53-5D22-42E0-90B6-16351DDDDB7A}.Debug|x86.ActiveCfg = Debug|Win32
		{F8BDAB53-5D22-42E0-90B6-16351DDDDB7A}.Debug|x86.Build.0 = Debug|Win32
		{F8BDAB53-5D22-42E0-90B6-16351DDDDB7A}.Release|x64.ActiveCfg = Release|x64
		{F8BDAB53-5D22-42E0-90B6-16351DDDDB7A}.Release|x64.Build.0 = Release|x64
		{F8BDAB53-5D22-42E0-90B6-16351DDDDB7A}.Release|x86.ActiveCfg = Release|Win32
		{F8BDAB53-5D22-42E0-90B6-16351DDDDB7A}.Release|x86.Build.0 = Release|Win32
		{F8BDAB53-5D22-42E0-90B6-16351DDDDB7A}.RelStatic|x64.ActiveCfg = RelStatic|x64
		{F8BDAB53-5D22-42E0-90B6-16351DDDDB7A}.RelStatic|x64.Build.0 = RelStatic|x64
		{F8BDAB53-5D22-42E0-90B6-16351DDDDB7A}.RelStatic|x86.ActiveCfg = RelStatic|Win32
		{F8BDAB53-5D22-42E0-90B6-16351DDDDB7A}.RelStatic|x86.Build.0 = RelStatic|Win32
		{C529A883-2069-4275-8459-0B9DF02D9B62}.Debug|x64.ActiveCfg = Debug|x64
		{C529A883-2069-4275-8459-0B9DF02D9B62}.Debug|x64.Build.0 = Debug|x64
		{C529A883-2069-4275-8459-0B9DF02D9B62}.Debug|x86.ActiveCfg = Debug|Win32
		{C529A883-2069-4275-8459-0B9DF02D9B62}.Debug|x86.Build.0 = Debug|Win32
		{C529A883-2069-4275-8459-0B9DF02D9B62}.Release|x64.ActiveCfg = Release|x64
		{C529A883-2069-4275-8459-0B9DF02D9B62}.Release|x64.Build.0 = Release|x64
		{C529A883-2069-4275-8459-0B9DF02D9B62}.Release|x86.ActiveCfg = Release|Win32
		{C529A883-2069-4275-8459-0B9DF02D9B62}.Release|x86.Build.0 = Release|Win32
		{C529A883-2069-4275-8459-0B9DF02D9B62}.RelStatic|x64.ActiveCfg = RelStatic|x64
		{C529A883-2069-4275-8459-0B9DF02D9B62}.RelStatic|x64.Build.0 = RelStatic|x64
		{C529A883-2069-4275-8459-0B9DF02D9B62}.RelStatic|x86.ActiveCfg = RelStatic|Win32
		{C529A883-2069-4275-8459-0B9DF02D9B62}.RelStatic|x86.Build.0 = RelStatic|Win32
		{1F24181A-B4C0-47DC-8E7B-77FA2FC1A57E}.Debug|x64.ActiveCfg = Debug|x64
		{1F24181A-B4C0-47DC-8E7B-77FA2FC1A57E}.Debug|x64.Build.0 = Debug|x64
		{1F24181A-B4C0-47DC-8E7B-77FA2FC1A57E}.Debug|x86.ActiveCfg = Debug|Win32
		{1F24181A-B4C0-47DC-8E7B-77FA2FC1A57E}.Debug|x86.Build.0 = Debug|Win32
		{1F24181A-B4C0-47DC-8E7B-77FA2FC1A57E}.Release|x64.ActiveCfg = Release|x64
		{1F24181A-B4C0-47DC-8E7B-77FA2FC1A57E}.Release|x64.Build.0 = Release|x64
		{1F24181A-B4C0-47DC-8E7B-77FA2FC1A57E}.Release|x86.ActiveCfg = Release|Win32
		{1F24181A-B4C0-47DC-8E7B-77FA2FC1A57E}.Release|x86.Build.0 = Release|Win32
		{1F24181A-B4C0-47DC-8E7B-77FA2FC1A57E}.RelStatic|x64.ActiveCfg = RelStatic|x64
		{1F24181A-B4C0-47DC-8E7B-77FA2FC1A57E}.RelStatic|x64.Build.0 = RelStatic|x64
		{1F24181A-B4C0-47DC-8E7B-77FA2FC1A57E}.RelStatic|x86.ActiveCfg = RelStatic|Win32
		{1F24181A-B4C0-47DC-8E7B-77FA2FC1A57E}.RelStatic|x86.Build.0 = RelStatic|Win32
		{0714B842-0F0D-48E0-AEA7-D9787F82CFD5}.Debug|x64.ActiveCfg = Debug|x64
		{0714B842-0F0D-48E0-AEA7-D9787F82CFD5}.Debug|x64.Build.0 = Debug|x64
		{0714B842-0F0D-48E0-AEA7-D9787F82CFD5}.Debug|x86.ActiveCfg = Debug|Win32
		{0714B842-0F0D-48E0-AEA7-D9787F82CFD5}.Debug|x86.Build.0 = Debug|Win32
		{0714B842-0F0D-48E0-AEA7-D9787F82CFD5}.Release|x64.ActiveCfg = Release|x64
		{0714B842-0F0D-48E0-AEA7-D9787F82CFD5}.Release|x64.Build.0 = Release|x64
		{0714B842-0F0D-48E0-AEA7-D9787F82CFD5}.Release|x86.ActiveCfg = Release|Win32
		{0714B842-0F0D-48E0-AEA7-D9787F82CFD5}.Release|x86.Build.0 = Release|Win32
		{0714B842-0F0D-48E0-AEA7-D9787F82CFD5}.RelStatic|x64.ActiveCfg = RelStatic|x64
		{0714B842-0F0D-48E0-AEA7-D9787F82CFD5}.RelStatic|x64.Build.0 = RelStatic|x64
		{0714B842-0F0D-48E0-AEA7-D9787F82CFD5}.RelStatic|x86.ActiveCfg = RelStatic|Win32
		{0714B842-0F0D-48E0-AEA7-D9787F82CFD5}.RelStatic|x86.Build.0 = RelStatic|Win32
		{5AADFD32-A23F-4E90-8486-76D65E02CF78}.Debug|x64.ActiveCfg = Debug|x64
		{5AADFD32-A23F-4E90-8486-76D65E02CF78}.Debug|x64.Build.0 = Debug|x64
		{5AADFD32-A23F-4E90-8486-76D65E02CF78}.Debug|x86.ActiveCfg = Debug|Win32
		{5AADFD32-A23F-4E90-8486-76D65E02CF78}.Debug|x86.Build.0 = Debug|Win32
		{5AADFD32-A23F-4E90-8486-76D65E02CF78}.Release|x64.ActiveCfg = Release|x64
		{5AADFD32-A23F-4E90-8486-76D65E02CF78}.Release|x64.Build.0 = Release|x64
		{5AADFD32-A23F-4E90-8486-76D65E02CF78}.Release|x86.ActiveCfg = Release|Win32
		{5AADFD32-A23F-4E90-8486-76D65E02CF78}.Release|x86.Build.0 = Release|Win32
		{5AADFD32-A23F-4E90-8486-76D65E02CF78}.RelStatic|x64.ActiveCfg = RelStatic|x64
		{5AADFD32-A23F-4E90-8486-76D65E02CF78}.RelStatic|x64.Build.0 = RelStatic|x64
		{5AADFD32-A23F-4E90-8486-76D65E02CF78}.RelStatic|x86.ActiveCfg = RelStatic|Win32
		{5AADFD32-A23F-4E90-8486-76D65E02CF78}.RelStatic|x86.Build.0 = RelStatic|Win32
	EndGlobalSection
	GlobalSection(SolutionProperties) = preSolution
		HideSolutionNode = FALSE
	EndGlobalSection
	GlobalSection(ExtensibilityGlobals) = postSolution
		SolutionGuid = {504411E8-E1F4-4BE0-B729-DA0F035702F7}
	EndGlobalSection
EndGlobal
